
Microsoft Visual Studio Solution File, Format Version 12.00
# Visual Studio 14
VisualStudioVersion = 14.0.23107.0
MinimumVisualStudioVersion = 10.0.40219.1
Project("{F5034706-568F-408A-B7B3-4D38C6DB8A32}") = "DoIt", "DoIt.pssproj", "{CA67EF38-212E-4E5B-91DB-6441E61A549F}"
EndProject
Global
	GlobalSection(SolutionConfigurationPlatforms) = preSolution
		Debug|Any CPU = Debug|Any CPU
		Release|Any CPU = Release|Any CPU
	EndGlobalSection
	GlobalSection(ProjectConfigurationPlatforms) = postSolution
		{CA67EF38-212E-4E5B-91DB-6441E61A549F}.Debug|Any CPU.ActiveCfg = Debug|Any CPU
		{CA67EF38-212E-4E5B-91DB-6441E61A549F}.Debug|Any CPU.Build.0 = Debug|Any CPU
		{CA67EF38-212E-4E5B-91DB-6441E61A549F}.Release|Any CPU.ActiveCfg = Release|Any CPU
		{CA67EF38-212E-4E5B-91DB-6441E61A549F}.Release|Any CPU.Build.0 = Release|Any CPU
	EndGlobalSection
	GlobalSection(SolutionProperties) = preSolution
		HideSolutionNode = FALSE
	EndGlobalSection
EndGlobal
