
Microsoft Visual Studio Solution File, Format Version 12.00
# Visual Studio 2013
VisualStudioVersion = 12.0.31101.0
MinimumVisualStudioVersion = 10.0.40219.1
Project("{FAE04EC0-301F-11D3-BF4B-00C04F79EFBC}") = "SampleWebApplication", "SampleWebApplication\SampleWebApplication.csproj", "{B6750BFA-4124-4714-95C9-2D08F29C7EB7}"
EndProject
Project("{FAE04EC0-301F-11D3-BF4B-00C04F79EFBC}") = "SampleWebApplication.Tests", "SampleWebApplication.Tests\SampleWebApplication.Tests.csproj", "{6A099015-6C30-4206-8DEA-035C51D587F0}"
EndProject
Project("{2150E333-8FDC-42A3-9474-1A3956D46DE8}") = ".nuget", ".nuget", "{2B5D6BBB-3D78-45EE-B9F4-C764F6524DC5}"
	ProjectSection(SolutionItems) = preProject
		.nuget\NuGet.Config = .nuget\NuGet.Config
		.nuget\NuGet.exe = .nuget\NuGet.exe
		.nuget\NuGet.targets = .nuget\NuGet.targets
	EndProjectSection
EndProject
Project("{FAE04EC0-301F-11D3-BF4B-00C04F79EFBC}") = "DataModel", "DataModel\DataModel.csproj", "{5763E746-8C4F-449B-A58D-6DFE23F85D7C}"
EndProject
Global
	GlobalSection(SolutionConfigurationPlatforms) = preSolution
		Debug|Any CPU = Debug|Any CPU
		Release|Any CPU = Release|Any CPU
	EndGlobalSection
	GlobalSection(ProjectConfigurationPlatforms) = postSolution
		{B6750BFA-4124-4714-95C9-2D08F29C7EB7}.Debug|Any CPU.ActiveCfg = Debug|Any CPU
		{B6750BFA-4124-4714-95C9-2D08F29C7EB7}.Debug|Any CPU.Build.0 = Debug|Any CPU
		{B6750BFA-4124-4714-95C9-2D08F29C7EB7}.Release|Any CPU.ActiveCfg = Release|Any CPU
		{B6750BFA-4124-4714-95C9-2D08F29C7EB7}.Release|Any CPU.Build.0 = Release|Any CPU
		{6A099015-6C30-4206-8DEA-035C51D587F0}.Debug|Any CPU.ActiveCfg = Debug|Any CPU
		{6A099015-6C30-4206-8DEA-035C51D587F0}.Debug|Any CPU.Build.0 = Debug|Any CPU
		{6A099015-6C30-4206-8DEA-035C51D587F0}.Release|Any CPU.ActiveCfg = Release|Any CPU
		{6A099015-6C30-4206-8DEA-035C51D587F0}.Release|Any CPU.Build.0 = Release|Any CPU
		{5763E746-8C4F-449B-A58D-6DFE23F85D7C}.Debug|Any CPU.ActiveCfg = Debug|Any CPU
		{5763E746-8C4F-449B-A58D-6DFE23F85D7C}.Debug|Any CPU.Build.0 = Debug|Any CPU
		{5763E746-8C4F-449B-A58D-6DFE23F85D7C}.Release|Any CPU.ActiveCfg = Release|Any CPU
		{5763E746-8C4F-449B-A58D-6DFE23F85D7C}.Release|Any CPU.Build.0 = Release|Any CPU
	EndGlobalSection
	GlobalSection(SolutionProperties) = preSolution
		HideSolutionNode = FALSE
	EndGlobalSection
EndGlobal
